
Microsoft Visual Studio Solution File, Format Version 11.00
# Visual Studio 2010
Project("{FAE04EC0-301F-11D3-BF4B-00C04F79EFBC}") = "Stencil.Render.Bitmap", "Stencil.Render\Bitmap\Stencil.Render.Bitmap.csproj", "{7BEC28C0-AF3D-4BD1-A87A-379999E6BF03}"
EndProject
Project("{FAE04EC0-301F-11D3-BF4B-00C04F79EFBC}") = "Stencil.Base", "Stencil.Base\Stencil.Base.csproj", "{9CE98C7E-B159-4339-8294-4927187593E2}"
EndProject
Global
	GlobalSection(SolutionConfigurationPlatforms) = preSolution
		Debug|Any CPU = Debug|Any CPU
		Release|Any CPU = Release|Any CPU
	EndGlobalSection
	GlobalSection(ProjectConfigurationPlatforms) = postSolution
		{7BEC28C0-AF3D-4BD1-A87A-379999E6BF03}.Debug|Any CPU.ActiveCfg = Debug|Any CPU
		{7BEC28C0-AF3D-4BD1-A87A-379999E6BF03}.Debug|Any CPU.Build.0 = Debug|Any CPU
		{7BEC28C0-AF3D-4BD1-A87A-379999E6BF03}.Release|Any CPU.ActiveCfg = Release|Any CPU
		{7BEC28C0-AF3D-4BD1-A87A-379999E6BF03}.Release|Any CPU.Build.0 = Release|Any CPU
		{9CE98C7E-B159-4339-8294-4927187593E2}.Debug|Any CPU.ActiveCfg = Debug|Any CPU
		{9CE98C7E-B159-4339-8294-4927187593E2}.Debug|Any CPU.Build.0 = Debug|Any CPU
		{9CE98C7E-B159-4339-8294-4927187593E2}.Release|Any CPU.ActiveCfg = Release|Any CPU
		{9CE98C7E-B159-4339-8294-4927187593E2}.Release|Any CPU.Build.0 = Release|Any CPU
	EndGlobalSection
	GlobalSection(SolutionProperties) = preSolution
		HideSolutionNode = FALSE
	EndGlobalSection
EndGlobal
